
Microsoft Visual Studio Solution File, Format Version 12.00
# Visual Studio 15
VisualStudioVersion = 15.0.27428.2002
MinimumVisualStudioVersion = 10.0.40219.1
Project("{FAE04EC0-301F-11D3-BF4B-00C04F79EFBC}") = "8QueenProblem1", "8QueenProblem1\8QueenProblem1.csproj", "{4A96D6A9-CAF7-47E0-83CA-191A16CEB751}"
EndProject
Global
	GlobalSection(SolutionConfigurationPlatforms) = preSolution
		Debug|Any CPU = Debug|Any CPU
		Release|Any CPU = Release|Any CPU
	EndGlobalSection
	GlobalSection(ProjectConfigurationPlatforms) = postSolution
		{4A96D6A9-CAF7-47E0-83CA-191A16CEB751}.Debug|Any CPU.ActiveCfg = Debug|Any CPU
		{4A96D6A9-CAF7-47E0-83CA-191A16CEB751}.Debug|Any CPU.Build.0 = Debug|Any CPU
		{4A96D6A9-CAF7-47E0-83CA-191A16CEB751}.Release|Any CPU.ActiveCfg = Release|Any CPU
		{4A96D6A9-CAF7-47E0-83CA-191A16CEB751}.Release|Any CPU.Build.0 = Release|Any CPU
	EndGlobalSection
	GlobalSection(SolutionProperties) = preSolution
		HideSolutionNode = FALSE
	EndGlobalSection
	GlobalSection(ExtensibilityGlobals) = postSolution
		SolutionGuid = {CABC3FFB-7B36-4E53-93F5-07B3AA0AD913}
	EndGlobalSection
EndGlobal
